
Microsoft Visual Studio Solution File, Format Version 12.00
# Visual Studio Version 17
VisualStudioVersion = 17.7.34202.233
MinimumVisualStudioVersion = 10.0.40219.1
Project("{FAE04EC0-301F-11D3-BF4B-00C04F79EFBC}") = "CipherShield_Beta0.2", "CipherShield_Beta0.2\CipherShield_Beta0.2.csproj", "{7F7F4674-C0B0-4D9D-8EDB-04CC5408706F}"
EndProject
Global
	GlobalSection(SolutionConfigurationPlatforms) = preSolution
		Debug|Any CPU = Debug|Any CPU
		Release|Any CPU = Release|Any CPU
	EndGlobalSection
	GlobalSection(ProjectConfigurationPlatforms) = postSolution
		{7F7F4674-C0B0-4D9D-8EDB-04CC5408706F}.Debug|Any CPU.ActiveCfg = Debug|Any CPU
		{7F7F4674-C0B0-4D9D-8EDB-04CC5408706F}.Debug|Any CPU.Build.0 = Debug|Any CPU
		{7F7F4674-C0B0-4D9D-8EDB-04CC5408706F}.Release|Any CPU.ActiveCfg = Release|Any CPU
		{7F7F4674-C0B0-4D9D-8EDB-04CC5408706F}.Release|Any CPU.Build.0 = Release|Any CPU
	EndGlobalSection
	GlobalSection(SolutionProperties) = preSolution
		HideSolutionNode = FALSE
	EndGlobalSection
	GlobalSection(ExtensibilityGlobals) = postSolution
		SolutionGuid = {243E7DE1-CDA0-46C2-9AB3-42B475BAA1B7}
	EndGlobalSection
EndGlobal
